{
  "version": "4",
  "specifiers": {
    "npm:date-fns-jalali@4.1.0-0": "4.1.0-0",
    "npm:date-fns-jalali@^4.1.0-0": "4.1.0-0",
    "npm:date-fns@4.1.0": "4.1.0",
    "npm:date-fns@^4.1.0": "4.1.0",
    "npm:jb-calendar@4.1.5": "4.1.5",
    "npm:jb-calendar@>=4.2.4": "4.2.4",
    "npm:jb-core@0.4.0": "0.4.0",
    "npm:jb-form@>=0.6.10": "0.6.13",
    "npm:jb-input@3.6.0": "3.6.0",
    "npm:jb-input@>=3.6.2": "3.6.2",
    "npm:jb-popover@1.1.0": "1.1.0",
    "npm:jb-popover@>=1.1.1": "1.1.1",
    "npm:jb-validation@0.2.0": "0.2.0",
    "npm:jb-validation@>=0.2.0": "0.2.0",
    "npm:react@18.2.0": "18.2.0",
    "npm:tslib@^2.8.1": "2.8.1"
  },
  "npm": {
    "@babel/runtime@7.26.9": {
      "integrity": "sha512-aA63XwOkcl4xxQa3HjPMqOP6LiK0ZDv3mUPYEFXkpHbaFjtGggE1A61FjFzJnB+p7/oy2gA8E+rcBNl/zC1tMg==",
      "dependencies": [
        "regenerator-runtime"
      ]
    },
    "date-fns-jalali@2.28.0-1": {
      "integrity": "sha512-wjIvkU5zTif1Rgr/bBUezVZFB/KyKMrCQahi/hYzKYG3B/d/Fmai+eTqs9tazpHEKECMzdkCVkDZYEK6Je6jAQ=="
    },
    "date-fns-jalali@4.1.0-0": {
      "integrity": "sha512-hTIP/z+t+qKwBDcmmsnmjWTduxCg+5KfdqWQvb2X/8C9+knYY6epN/pfxdDuyVlSVeFz0sM5eEfwIUQ70U4ckg=="
    },
    "date-fns@2.30.0": {
      "integrity": "sha512-fnULvOpxnC5/Vg3NCiWelDsLiUc9bRwAPs/+LfTLNvetFCtCTN+yQz15C/fs4AwX1R9K5GLtLfn8QW+dWisaAw==",
      "dependencies": [
        "@babel/runtime"
      ]
    },
    "date-fns@4.1.0": {
      "integrity": "sha512-Ukq0owbQXxa/U3EGtsdVBkR1w7KOQ5gIBqdH2hkvknzZPYvBxb/aa6E8L7tmjFtkwZBu3UXBbjIgPo/Ez4xaNg=="
    },
    "jb-calendar@4.1.5": {
      "integrity": "sha512-4F2Nyq5zE4FoCHYFoKfhyTrWbIfFNY/nOXen97T3aoe3ERYDOkgYCjjhaHDWoswdxsyRd6FKe4eBli4lSqm9wQ==",
      "dependencies": [
        "date-fns@2.30.0",
        "date-fns-jalali@2.28.0-1"
      ]
    },
    "jb-calendar@4.2.4": {
      "integrity": "sha512-FqcJ3ggsgxNrwGKnr5c7Z1ZhdD+sCcZl6Wi68Y3EVQ7xjizT5r7mNJj1PuYjbskLq0NmqvkKSxb6vEcVcIjO/Q==",
      "dependencies": [
        "date-fns@2.30.0",
        "date-fns-jalali@2.28.0-1",
        "jb-core@0.4.0"
      ]
    },
    "jb-core@0.1.0": {
      "integrity": "sha512-zF/cxObuWQGRRomIAJDq6jUeQD0EnQGlD6zlzWzl1Q2+j22AgvSK+KOL8chVyzDEe+cC6/9yx03Xr2Rnd1yzxA=="
    },
    "jb-core@0.4.0": {
      "integrity": "sha512-XyBR6IO7e+psqWG8eDC3t8DJAtYJBED+DX3poKs5vxADLvrSRBpQQ2QIgmjs5rxaLgfi/1sEj+awbuBmZUogtw=="
    },
    "jb-form@0.6.13": {
      "integrity": "sha512-07HPXBjTji5dXfxNlmCn/my2Av+8YSdIEUnaofASksI698Qh+Wn4lW6hOiiECp6R9JpBXfa89LH6WEPRxHQv3Q==",
      "dependencies": [
        "jb-core@0.1.0",
        "jb-validation"
      ]
    },
    "jb-input@3.6.0": {
      "integrity": "sha512-BawWqOOXNoM4egNlgmomnyfXNu1AFwgXuugT8vGB7a0A2SNEZhARbsuizVhmC8J1HvyPZbc4EidoCZ3RAczX/A==",
      "dependencies": [
        "jb-validation"
      ]
    },
    "jb-input@3.6.2": {
      "integrity": "sha512-uUJwd0lEGAhPbr0Q7xkzhCtbNGFmyzMGMM8Ec4vu5zYDX5Ri38jB/R4r6lrK0LKQzFY7WQSRPFcalfLEJkQh6w==",
      "dependencies": [
        "jb-core@0.4.0",
        "jb-validation"
      ]
    },
    "jb-popover@1.1.0": {
      "integrity": "sha512-FTj6T9n4U6ZmGMBDnFeE6TDKVa0Px3umfJ/LszUx3nN9FvhmPmKxlxHVoq6NaIbYlWYXrSjUSEOqYk2msW3rSw=="
    },
    "jb-popover@1.1.1": {
      "integrity": "sha512-XJHtWaGCImI0EX7GGq4Cab5DqQAvegg3bg97nYHYuuVmQuT32fdmdQEp6Ff2NkVi1euK4grmsW3Jfq0bAodzIg==",
      "dependencies": [
        "jb-core@0.4.0"
      ]
    },
    "jb-validation@0.2.0": {
      "integrity": "sha512-nZJdY03kfbqUOc4jbbxFICILgibwVy2JJaR6QF4JYO4cxKQoixK8R6zEOy8hlJEo/hrK5QceVNVku2aXcTBvrQ=="
    },
    "js-tokens@4.0.0": {
      "integrity": "sha512-RdJUflcE3cUzKiMqQgsCu06FPu9UdIJO0beYbPhHN4k6apgJtifcoCtT9bcxOpYBtpD2kCM6Sbzg4CausW/PKQ=="
    },
    "loose-envify@1.4.0": {
      "integrity": "sha512-lyuxPGr/Wfhrlem2CL/UcnUc1zcqKAImBDzukY7Y5F/yQiNdko6+fRLevlw1HgMySw7f611UIY408EtxRSoK3Q==",
      "dependencies": [
        "js-tokens"
      ]
    },
    "react@18.2.0": {
      "integrity": "sha512-/3IjMdb2L9QbBdWiW5e3P2/npwMBaU9mHCSCUzNln0ZCYbcfTsGbTJrU/kGemdH2IWmB2ioZ+zkxtmq6g09fGQ==",
      "dependencies": [
        "loose-envify"
      ]
    },
    "regenerator-runtime@0.14.1": {
      "integrity": "sha512-dYnhHh0nJoMfnkZs6GmmhFknAGRrLznOu5nc9ML+EJxGvrx6H7teuevqVqCuPcPK//3eDrrjQhehXVx9cnkGdw=="
    },
    "tslib@2.8.1": {
      "integrity": "sha512-oJFu94HQb+KVduSUQL7wnpmqnfmLsOA/nAh6b6EH0wCEoK0/mPeXU6c3wKDV83MkOuHPRHtSXKKU99IBazS/2w=="
    }
  },
  "workspace": {
    "dependencies": [
      "npm:date-fns-jalali@4.1.0-0",
      "npm:date-fns@4.1.0",
      "npm:jb-calendar@4.1.5",
      "npm:jb-core@0.4.0",
      "npm:jb-input@3.6.0",
      "npm:jb-popover@1.1.0",
      "npm:jb-validation@0.2.0",
      "npm:react@18.2.0"
    ],
    "packageJson": {
      "dependencies": [
        "npm:date-fns-jalali@^4.1.0-0",
        "npm:date-fns@^4.1.0",
        "npm:jb-calendar@>=4.2.4",
        "npm:jb-core@0.4.0",
        "npm:jb-form@>=0.6.10",
        "npm:jb-input@>=3.6.2",
        "npm:jb-popover@>=1.1.1",
        "npm:jb-validation@>=0.2.0",
        "npm:tslib@^2.8.1"
      ]
    }
  }
}
